
Microsoft Visual Studio Solution File, Format Version 12.00
# Visual Studio Version 17
VisualStudioVersion = 17.6.33723.286
MinimumVisualStudioVersion = 10.0.40219.1
Project("{9A19103F-16F7-4668-BE54-9A1E7A4F7556}") = "ShoppingAssistantApi.Domain", "ShoppingAssistantApi.Domain\ShoppingAssistantApi.Domain.csproj", "{22D8EA12-362A-4B61-9E03-67A44B0762F3}"
EndProject
Project("{9A19103F-16F7-4668-BE54-9A1E7A4F7556}") = "ShoppingAssistantApi.Application", "ShoppingAssistantApi.Application\ShoppingAssistantApi.Application.csproj", "{9B114C53-F28F-45FE-9724-6A1FFC1C7384}"
EndProject
Project("{9A19103F-16F7-4668-BE54-9A1E7A4F7556}") = "ShoppingAssistantApi.Infrastructure", "ShoppingAssistantApi.Infrastructure\ShoppingAssistantApi.Infrastructure.csproj", "{6CB12F83-2121-4A3C-ADA2-C6F3A7EDB05F}"
EndProject
Project("{9A19103F-16F7-4668-BE54-9A1E7A4F7556}") = "ShoppingAssistantApi.Persistance", "ShoppingAssistantApi.Persistance\ShoppingAssistantApi.Persistance.csproj", "{4F4A48F4-5989-4C26-B87C-CDF47BDFF239}"
EndProject
Project("{9A19103F-16F7-4668-BE54-9A1E7A4F7556}") = "ShoppingAssistantApi.Api", "ShoppingAssistantApi.Api\ShoppingAssistantApi.Api.csproj", "{77578C0F-EBAD-4CF3-A9D5-9AFFD931E629}"
EndProject
Project("{FAE04EC0-301F-11D3-BF4B-00C04F79EFBC}") = "ShoppingAssistantApi.Tests", "ShoppingAssistantApi.Tests\ShoppingAssistantApi.Tests.csproj", "{297B5378-79D7-406C-80A5-151C6B3EA147}"
EndProject
Global
	GlobalSection(SolutionConfigurationPlatforms) = preSolution
		Debug|Any CPU = Debug|Any CPU
		Release|Any CPU = Release|Any CPU
	EndGlobalSection
	GlobalSection(ProjectConfigurationPlatforms) = postSolution
		{22D8EA12-362A-4B61-9E03-67A44B0762F3}.Debug|Any CPU.ActiveCfg = Debug|Any CPU
		{22D8EA12-362A-4B61-9E03-67A44B0762F3}.Debug|Any CPU.Build.0 = Debug|Any CPU
		{22D8EA12-362A-4B61-9E03-67A44B0762F3}.Release|Any CPU.ActiveCfg = Release|Any CPU
		{22D8EA12-362A-4B61-9E03-67A44B0762F3}.Release|Any CPU.Build.0 = Release|Any CPU
		{9B114C53-F28F-45FE-9724-6A1FFC1C7384}.Debug|Any CPU.ActiveCfg = Debug|Any CPU
		{9B114C53-F28F-45FE-9724-6A1FFC1C7384}.Debug|Any CPU.Build.0 = Debug|Any CPU
		{9B114C53-F28F-45FE-9724-6A1FFC1C7384}.Release|Any CPU.ActiveCfg = Release|Any CPU
		{9B114C53-F28F-45FE-9724-6A1FFC1C7384}.Release|Any CPU.Build.0 = Release|Any CPU
		{6CB12F83-2121-4A3C-ADA2-C6F3A7EDB05F}.Debug|Any CPU.ActiveCfg = Debug|Any CPU
		{6CB12F83-2121-4A3C-ADA2-C6F3A7EDB05F}.Debug|Any CPU.Build.0 = Debug|Any CPU
		{6CB12F83-2121-4A3C-ADA2-C6F3A7EDB05F}.Release|Any CPU.ActiveCfg = Release|Any CPU
		{6CB12F83-2121-4A3C-ADA2-C6F3A7EDB05F}.Release|Any CPU.Build.0 = Release|Any CPU
		{4F4A48F4-5989-4C26-B87C-CDF47BDFF239}.Debug|Any CPU.ActiveCfg = Debug|Any CPU
		{4F4A48F4-5989-4C26-B87C-CDF47BDFF239}.Debug|Any CPU.Build.0 = Debug|Any CPU
		{4F4A48F4-5989-4C26-B87C-CDF47BDFF239}.Release|Any CPU.ActiveCfg = Release|Any CPU
		{4F4A48F4-5989-4C26-B87C-CDF47BDFF239}.Release|Any CPU.Build.0 = Release|Any CPU
		{77578C0F-EBAD-4CF3-A9D5-9AFFD931E629}.Debug|Any CPU.ActiveCfg = Debug|Any CPU
		{77578C0F-EBAD-4CF3-A9D5-9AFFD931E629}.Debug|Any CPU.Build.0 = Debug|Any CPU
		{77578C0F-EBAD-4CF3-A9D5-9AFFD931E629}.Release|Any CPU.ActiveCfg = Release|Any CPU
		{77578C0F-EBAD-4CF3-A9D5-9AFFD931E629}.Release|Any CPU.Build.0 = Release|Any CPU
		{297B5378-79D7-406C-80A5-151C6B3EA147}.Debug|Any CPU.ActiveCfg = Debug|Any CPU
		{297B5378-79D7-406C-80A5-151C6B3EA147}.Debug|Any CPU.Build.0 = Debug|Any CPU
		{297B5378-79D7-406C-80A5-151C6B3EA147}.Release|Any CPU.ActiveCfg = Release|Any CPU
		{297B5378-79D7-406C-80A5-151C6B3EA147}.Release|Any CPU.Build.0 = Release|Any CPU
	EndGlobalSection
	GlobalSection(SolutionProperties) = preSolution
		HideSolutionNode = FALSE
	EndGlobalSection
	GlobalSection(ExtensibilityGlobals) = postSolution
		SolutionGuid = {AEC96C8E-AD84-48AC-A0F6-742F94B0C3A8}
	EndGlobalSection
EndGlobal
